
Microsoft Visual Studio Solution File, Format Version 12.00
# Visual Studio Version 16
VisualStudioVersion = 16.0.31321.278
MinimumVisualStudioVersion = 10.0.40219.1
Project("{FAE04EC0-301F-11D3-BF4B-00C04F79EFBC}") = "Kitaplik_Projesi", "Kitaplik_Projesi\Kitaplik_Projesi.csproj", "{9638A7D3-602E-430B-9812-6518960BBE59}"
EndProject
Global
	GlobalSection(SolutionConfigurationPlatforms) = preSolution
		Debug|Any CPU = Debug|Any CPU
		Release|Any CPU = Release|Any CPU
	EndGlobalSection
	GlobalSection(ProjectConfigurationPlatforms) = postSolution
		{9638A7D3-602E-430B-9812-6518960BBE59}.Debug|Any CPU.ActiveCfg = Debug|Any CPU
		{9638A7D3-602E-430B-9812-6518960BBE59}.Debug|Any CPU.Build.0 = Debug|Any CPU
		{9638A7D3-602E-430B-9812-6518960BBE59}.Release|Any CPU.ActiveCfg = Release|Any CPU
		{9638A7D3-602E-430B-9812-6518960BBE59}.Release|Any CPU.Build.0 = Release|Any CPU
	EndGlobalSection
	GlobalSection(SolutionProperties) = preSolution
		HideSolutionNode = FALSE
	EndGlobalSection
	GlobalSection(ExtensibilityGlobals) = postSolution
		SolutionGuid = {588BC8AD-5B4E-4D0C-BC5E-EBFB6DD352C0}
	EndGlobalSection
EndGlobal
